// !$*UTF8*$!
{
	archiveVersion = 1;
	classes = {
	};
	objectVersion = 46;
	objects = {

/* Begin PBXBuildFile section */
		273F68DB1F4A9CD300D6DD49 /* GoogleService-Info.plist in Resources */ = {isa = PBXBuildFile; fileRef = 273F68DA1F4A9CD300D6DD49 /* GoogleService-Info.plist */; };
		273F68DF1F4A9EC900D6DD49 /* LoginViewController.swift in Sources */ = {isa = PBXBuildFile; fileRef = 273F68DE1F4A9EC900D6DD49 /* LoginViewController.swift */; };
<<<<<<< HEAD
		27572E582008356D00FDE97E /* LoadingViewController.swift in Sources */ = {isa = PBXBuildFile; fileRef = 27572E572008356D00FDE97E /* LoadingViewController.swift */; };
		27572E5920088C3400FDE97E /* SpinnyTopLoading.m4v in Resources */ = {isa = PBXBuildFile; fileRef = 27572E562008353800FDE97E /* SpinnyTopLoading.m4v */; };
=======
		27572E532006F2FB00FDE97E /* AppIcon.appiconset in Resources */ = {isa = PBXBuildFile; fileRef = 27572E522006F2FB00FDE97E /* AppIcon.appiconset */; };
		27572E552006F34B00FDE97E /* Images.xcassets in Resources */ = {isa = PBXBuildFile; fileRef = 27572E542006F34B00FDE97E /* Images.xcassets */; };
>>>>>>> leaderboard
		275C2A631FC3F30700201F86 /* UserSettings.swift in Sources */ = {isa = PBXBuildFile; fileRef = 275C2A621FC3F30700201F86 /* UserSettings.swift */; };
		2773B2B91FBA63AA00754429 /* APIController.swift in Sources */ = {isa = PBXBuildFile; fileRef = 2773B2B81FBA63AA00754429 /* APIController.swift */; };
		2773B2BD1FBAC86F00754429 /* User.swift in Sources */ = {isa = PBXBuildFile; fileRef = 2773B2BC1FBAC86F00754429 /* User.swift */; };
		277952E92005F16F00A3AF93 /* LeaderboardTableViewCell.swift in Sources */ = {isa = PBXBuildFile; fileRef = 277952E82005F16F00A3AF93 /* LeaderboardTableViewCell.swift */; };
		2789DA4F1FB03C860078351E /* Score.swift in Sources */ = {isa = PBXBuildFile; fileRef = 2789DA4E1FB03C860078351E /* Score.swift */; };
		278E37DC1FE30FD100D8A13F /* gear.png in Resources */ = {isa = PBXBuildFile; fileRef = 278E37DB1FE30FD000D8A13F /* gear.png */; };
		278E37DE1FE3124C00D8A13F /* Icon-logo.png in Resources */ = {isa = PBXBuildFile; fileRef = 278E37DD1FE3124C00D8A13F /* Icon-logo.png */; };
		278E37E01FE32C3600D8A13F /* UIImageViewRounded.swift in Sources */ = {isa = PBXBuildFile; fileRef = 278E37DF1FE32C3600D8A13F /* UIImageViewRounded.swift */; };
		27953C841F46A95800938C8E /* AppDelegate.swift in Sources */ = {isa = PBXBuildFile; fileRef = 27953C831F46A95800938C8E /* AppDelegate.swift */; };
		27953C891F46A95800938C8E /* Main.storyboard in Resources */ = {isa = PBXBuildFile; fileRef = 27953C871F46A95800938C8E /* Main.storyboard */; };
		27953C8C1F46A95800938C8E /* SpinnyTop.xcdatamodeld in Sources */ = {isa = PBXBuildFile; fileRef = 27953C8A1F46A95800938C8E /* SpinnyTop.xcdatamodeld */; };
		27953C8E1F46A95800938C8E /* Assets.xcassets in Resources */ = {isa = PBXBuildFile; fileRef = 27953C8D1F46A95800938C8E /* Assets.xcassets */; };
		27953C911F46A95800938C8E /* LaunchScreen.storyboard in Resources */ = {isa = PBXBuildFile; fileRef = 27953C8F1F46A95800938C8E /* LaunchScreen.storyboard */; };
		27953C9C1F46A95800938C8E /* SpinnyTopTests.swift in Sources */ = {isa = PBXBuildFile; fileRef = 27953C9B1F46A95800938C8E /* SpinnyTopTests.swift */; };
		27953CA71F46A95800938C8E /* SpinnyTopUITests.swift in Sources */ = {isa = PBXBuildFile; fileRef = 27953CA61F46A95800938C8E /* SpinnyTopUITests.swift */; };
		27A9368C1FBB98E500E56DB9 /* FBSDKLoginKit.framework in Frameworks */ = {isa = PBXBuildFile; fileRef = 27A9368B1FBB98E500E56DB9 /* FBSDKLoginKit.framework */; };
		27B6A8321F4BE59A0052E65D /* SpinnyViewController.swift in Sources */ = {isa = PBXBuildFile; fileRef = 27B6A8311F4BE59A0052E65D /* SpinnyViewController.swift */; };
		27B6A8341F4C184D0052E65D /* UpdateProfileViewController.swift in Sources */ = {isa = PBXBuildFile; fileRef = 27B6A8331F4C184D0052E65D /* UpdateProfileViewController.swift */; };
		27B6A8361F4D40350052E65D /* RegisterViewController.swift in Sources */ = {isa = PBXBuildFile; fileRef = 27B6A8351F4D40350052E65D /* RegisterViewController.swift */; };
		27B6A83E1F4E57AD0052E65D /* AppManager.swift in Sources */ = {isa = PBXBuildFile; fileRef = 27B6A83D1F4E57AD0052E65D /* AppManager.swift */; };
		27B6A8421F4E7E970052E65D /* ResetPasswordViewController.swift in Sources */ = {isa = PBXBuildFile; fileRef = 27B6A8411F4E7E970052E65D /* ResetPasswordViewController.swift */; };
		27B6A8441F4FB98F0052E65D /* Constants.swift in Sources */ = {isa = PBXBuildFile; fileRef = 27B6A8431F4FB98F0052E65D /* Constants.swift */; };
		27BB18991FDFAA5000604BD6 /* String+AlphaNumeric.swift in Sources */ = {isa = PBXBuildFile; fileRef = 27BB18981FDFAA5000604BD6 /* String+AlphaNumeric.swift */; };
		27BB189B1FDFACAD00604BD6 /* UIViewController+Alert.swift in Sources */ = {isa = PBXBuildFile; fileRef = 27BB189A1FDFACAD00604BD6 /* UIViewController+Alert.swift */; };
		27BC29D51FE46F63001596DC /* ProfileViewController.swift in Sources */ = {isa = PBXBuildFile; fileRef = 27BC29D41FE46F63001596DC /* ProfileViewController.swift */; };
		27BC29D81FE470B3001596DC /* RoundedButton.swift in Sources */ = {isa = PBXBuildFile; fileRef = 27BC29D71FE470B3001596DC /* RoundedButton.swift */; };
		27E48FB71FAD147500EC6C90 /* LeaderboardTableViewController.swift in Sources */ = {isa = PBXBuildFile; fileRef = 27E48FB61FAD147500EC6C90 /* LeaderboardTableViewController.swift */; };
		27E79CE51FE8BE5E000AC36C /* UIViewController+LoadingScreen.swift in Sources */ = {isa = PBXBuildFile; fileRef = 27E79CE41FE8BE5E000AC36C /* UIViewController+LoadingScreen.swift */; };
		27E79CE71FE8C1AE000AC36C /* UIViewController+hideKeyboard.swift in Sources */ = {isa = PBXBuildFile; fileRef = 27E79CE61FE8C1AE000AC36C /* UIViewController+hideKeyboard.swift */; };
		27E79CE91FE8D23E000AC36C /* UITextField+Next.swift in Sources */ = {isa = PBXBuildFile; fileRef = 27E79CE81FE8D23E000AC36C /* UITextField+Next.swift */; };
		27FAACC21FCE807F00B86B8E /* Array+Average.swift in Sources */ = {isa = PBXBuildFile; fileRef = 27FAACC11FCE807F00B86B8E /* Array+Average.swift */; };
		27FAACC41FCFA0B600B86B8E /* UIColor+Convenience.swift in Sources */ = {isa = PBXBuildFile; fileRef = 27FAACC31FCFA0B600B86B8E /* UIColor+Convenience.swift */; };
		27FEE47E1F9AAB5500C3C596 /* error.png in Resources */ = {isa = PBXBuildFile; fileRef = 27FEE47D1F9AAB5500C3C596 /* error.png */; };
		3C98502D7BCA5122D15A01E9 /* Pods_SpinnyTopTests.framework in Frameworks */ = {isa = PBXBuildFile; fileRef = 3DF808B9F127B4595B23751D /* Pods_SpinnyTopTests.framework */; };
		D6F257BD3C8A3384EE9B2C17 /* Pods_SpinnyTopUITests.framework in Frameworks */ = {isa = PBXBuildFile; fileRef = CCBA92687DC6B2BF25D90631 /* Pods_SpinnyTopUITests.framework */; };
		F3C0D3FBA1F9A6F431E5A31F /* Pods_SpinnyTop.framework in Frameworks */ = {isa = PBXBuildFile; fileRef = BCB24192005F79D9F65BE967 /* Pods_SpinnyTop.framework */; };
/* End PBXBuildFile section */

/* Begin PBXContainerItemProxy section */
		27953C981F46A95800938C8E /* PBXContainerItemProxy */ = {
			isa = PBXContainerItemProxy;
			containerPortal = 27953C781F46A95800938C8E /* Project object */;
			proxyType = 1;
			remoteGlobalIDString = 27953C7F1F46A95800938C8E;
			remoteInfo = SpinnyTop;
		};
		27953CA31F46A95800938C8E /* PBXContainerItemProxy */ = {
			isa = PBXContainerItemProxy;
			containerPortal = 27953C781F46A95800938C8E /* Project object */;
			proxyType = 1;
			remoteGlobalIDString = 27953C7F1F46A95800938C8E;
			remoteInfo = SpinnyTop;
		};
/* End PBXContainerItemProxy section */

/* Begin PBXFileReference section */
		273F68DA1F4A9CD300D6DD49 /* GoogleService-Info.plist */ = {isa = PBXFileReference; fileEncoding = 4; lastKnownFileType = text.plist.xml; path = "GoogleService-Info.plist"; sourceTree = "<group>"; };
		273F68DE1F4A9EC900D6DD49 /* LoginViewController.swift */ = {isa = PBXFileReference; fileEncoding = 4; lastKnownFileType = sourcecode.swift; path = LoginViewController.swift; sourceTree = "<group>"; };
<<<<<<< HEAD
		27572E562008353800FDE97E /* SpinnyTopLoading.m4v */ = {isa = PBXFileReference; lastKnownFileType = file; path = SpinnyTopLoading.m4v; sourceTree = "<group>"; };
		27572E572008356D00FDE97E /* LoadingViewController.swift */ = {isa = PBXFileReference; lastKnownFileType = sourcecode.swift; path = LoadingViewController.swift; sourceTree = "<group>"; };
=======
		27572E522006F2FB00FDE97E /* AppIcon.appiconset */ = {isa = PBXFileReference; lastKnownFileType = folder; path = AppIcon.appiconset; sourceTree = "<group>"; };
		27572E542006F34B00FDE97E /* Images.xcassets */ = {isa = PBXFileReference; lastKnownFileType = folder.assetcatalog; path = Images.xcassets; sourceTree = "<group>"; };
>>>>>>> leaderboard
		275C2A621FC3F30700201F86 /* UserSettings.swift */ = {isa = PBXFileReference; lastKnownFileType = sourcecode.swift; path = UserSettings.swift; sourceTree = "<group>"; };
		2773B2B81FBA63AA00754429 /* APIController.swift */ = {isa = PBXFileReference; lastKnownFileType = sourcecode.swift; path = APIController.swift; sourceTree = "<group>"; };
		2773B2BC1FBAC86F00754429 /* User.swift */ = {isa = PBXFileReference; lastKnownFileType = sourcecode.swift; path = User.swift; sourceTree = "<group>"; };
		277952E82005F16F00A3AF93 /* LeaderboardTableViewCell.swift */ = {isa = PBXFileReference; lastKnownFileType = sourcecode.swift; path = LeaderboardTableViewCell.swift; sourceTree = "<group>"; };
		2789DA4E1FB03C860078351E /* Score.swift */ = {isa = PBXFileReference; lastKnownFileType = sourcecode.swift; path = Score.swift; sourceTree = "<group>"; };
		278E37DB1FE30FD000D8A13F /* gear.png */ = {isa = PBXFileReference; lastKnownFileType = image.png; path = gear.png; sourceTree = "<group>"; };
		278E37DD1FE3124C00D8A13F /* Icon-logo.png */ = {isa = PBXFileReference; lastKnownFileType = image.png; path = "Icon-logo.png"; sourceTree = "<group>"; };
		278E37DF1FE32C3600D8A13F /* UIImageViewRounded.swift */ = {isa = PBXFileReference; lastKnownFileType = sourcecode.swift; path = UIImageViewRounded.swift; sourceTree = "<group>"; };
		27953C801F46A95800938C8E /* SpinnyTop.app */ = {isa = PBXFileReference; explicitFileType = wrapper.application; includeInIndex = 0; path = SpinnyTop.app; sourceTree = BUILT_PRODUCTS_DIR; };
		27953C831F46A95800938C8E /* AppDelegate.swift */ = {isa = PBXFileReference; lastKnownFileType = sourcecode.swift; path = AppDelegate.swift; sourceTree = "<group>"; };
		27953C881F46A95800938C8E /* Base */ = {isa = PBXFileReference; lastKnownFileType = file.storyboard; name = Base; path = Base.lproj/Main.storyboard; sourceTree = "<group>"; };
		27953C8B1F46A95800938C8E /* SpinnyTop.xcdatamodel */ = {isa = PBXFileReference; lastKnownFileType = wrapper.xcdatamodel; path = SpinnyTop.xcdatamodel; sourceTree = "<group>"; };
		27953C8D1F46A95800938C8E /* Assets.xcassets */ = {isa = PBXFileReference; lastKnownFileType = folder.assetcatalog; path = Assets.xcassets; sourceTree = "<group>"; };
		27953C901F46A95800938C8E /* Base */ = {isa = PBXFileReference; lastKnownFileType = file.storyboard; name = Base; path = Base.lproj/LaunchScreen.storyboard; sourceTree = "<group>"; };
		27953C921F46A95800938C8E /* Info.plist */ = {isa = PBXFileReference; lastKnownFileType = text.plist.xml; path = Info.plist; sourceTree = "<group>"; };
		27953C971F46A95800938C8E /* SpinnyTopTests.xctest */ = {isa = PBXFileReference; explicitFileType = wrapper.cfbundle; includeInIndex = 0; path = SpinnyTopTests.xctest; sourceTree = BUILT_PRODUCTS_DIR; };
		27953C9B1F46A95800938C8E /* SpinnyTopTests.swift */ = {isa = PBXFileReference; lastKnownFileType = sourcecode.swift; path = SpinnyTopTests.swift; sourceTree = "<group>"; };
		27953C9D1F46A95800938C8E /* Info.plist */ = {isa = PBXFileReference; lastKnownFileType = text.plist.xml; path = Info.plist; sourceTree = "<group>"; };
		27953CA21F46A95800938C8E /* SpinnyTopUITests.xctest */ = {isa = PBXFileReference; explicitFileType = wrapper.cfbundle; includeInIndex = 0; path = SpinnyTopUITests.xctest; sourceTree = BUILT_PRODUCTS_DIR; };
		27953CA61F46A95800938C8E /* SpinnyTopUITests.swift */ = {isa = PBXFileReference; lastKnownFileType = sourcecode.swift; path = SpinnyTopUITests.swift; sourceTree = "<group>"; };
		27953CA81F46A95800938C8E /* Info.plist */ = {isa = PBXFileReference; lastKnownFileType = text.plist.xml; path = Info.plist; sourceTree = "<group>"; };
		27A9368B1FBB98E500E56DB9 /* FBSDKLoginKit.framework */ = {isa = PBXFileReference; lastKnownFileType = wrapper.framework; path = FBSDKLoginKit.framework; sourceTree = "<group>"; };
		27A9368F1FBB9BBD00E56DB9 /* Bridging-Header copy.h */ = {isa = PBXFileReference; fileEncoding = 4; lastKnownFileType = sourcecode.c.h; path = "Bridging-Header copy.h"; sourceTree = "<group>"; };
		27B6A8311F4BE59A0052E65D /* SpinnyViewController.swift */ = {isa = PBXFileReference; fileEncoding = 4; lastKnownFileType = sourcecode.swift; path = SpinnyViewController.swift; sourceTree = "<group>"; };
		27B6A8331F4C184D0052E65D /* UpdateProfileViewController.swift */ = {isa = PBXFileReference; fileEncoding = 4; lastKnownFileType = sourcecode.swift; path = UpdateProfileViewController.swift; sourceTree = "<group>"; };
		27B6A8351F4D40350052E65D /* RegisterViewController.swift */ = {isa = PBXFileReference; fileEncoding = 4; lastKnownFileType = sourcecode.swift; path = RegisterViewController.swift; sourceTree = "<group>"; };
		27B6A83D1F4E57AD0052E65D /* AppManager.swift */ = {isa = PBXFileReference; fileEncoding = 4; lastKnownFileType = sourcecode.swift; path = AppManager.swift; sourceTree = "<group>"; };
		27B6A8411F4E7E970052E65D /* ResetPasswordViewController.swift */ = {isa = PBXFileReference; fileEncoding = 4; lastKnownFileType = sourcecode.swift; path = ResetPasswordViewController.swift; sourceTree = "<group>"; };
		27B6A8431F4FB98F0052E65D /* Constants.swift */ = {isa = PBXFileReference; fileEncoding = 4; lastKnownFileType = sourcecode.swift; path = Constants.swift; sourceTree = "<group>"; };
		27BB18981FDFAA5000604BD6 /* String+AlphaNumeric.swift */ = {isa = PBXFileReference; lastKnownFileType = sourcecode.swift; path = "String+AlphaNumeric.swift"; sourceTree = "<group>"; };
		27BB189A1FDFACAD00604BD6 /* UIViewController+Alert.swift */ = {isa = PBXFileReference; lastKnownFileType = sourcecode.swift; path = "UIViewController+Alert.swift"; sourceTree = "<group>"; };
		27BC29D41FE46F63001596DC /* ProfileViewController.swift */ = {isa = PBXFileReference; lastKnownFileType = sourcecode.swift; name = ProfileViewController.swift; path = /Users/Kyle/Documents/Kyle/SpinnyTop/Mobile/iOS/SpinnyTop/SpinnyTop/ViewControllers/ProfileViewController.swift; sourceTree = "<absolute>"; };
		27BC29D71FE470B3001596DC /* RoundedButton.swift */ = {isa = PBXFileReference; lastKnownFileType = sourcecode.swift; path = RoundedButton.swift; sourceTree = "<group>"; };
		27E48FB61FAD147500EC6C90 /* LeaderboardTableViewController.swift */ = {isa = PBXFileReference; lastKnownFileType = sourcecode.swift; path = LeaderboardTableViewController.swift; sourceTree = "<group>"; };
		27E79CE41FE8BE5E000AC36C /* UIViewController+LoadingScreen.swift */ = {isa = PBXFileReference; lastKnownFileType = sourcecode.swift; path = "UIViewController+LoadingScreen.swift"; sourceTree = "<group>"; };
		27E79CE61FE8C1AE000AC36C /* UIViewController+hideKeyboard.swift */ = {isa = PBXFileReference; lastKnownFileType = sourcecode.swift; path = "UIViewController+hideKeyboard.swift"; sourceTree = "<group>"; };
		27E79CE81FE8D23E000AC36C /* UITextField+Next.swift */ = {isa = PBXFileReference; lastKnownFileType = sourcecode.swift; path = "UITextField+Next.swift"; sourceTree = "<group>"; };
		27FAACC11FCE807F00B86B8E /* Array+Average.swift */ = {isa = PBXFileReference; lastKnownFileType = sourcecode.swift; path = "Array+Average.swift"; sourceTree = "<group>"; };
		27FAACC31FCFA0B600B86B8E /* UIColor+Convenience.swift */ = {isa = PBXFileReference; lastKnownFileType = sourcecode.swift; path = "UIColor+Convenience.swift"; sourceTree = "<group>"; };
		27FEE47D1F9AAB5500C3C596 /* error.png */ = {isa = PBXFileReference; lastKnownFileType = image.png; name = error.png; path = SpinnyTop/error.png; sourceTree = "<group>"; };
		3DF808B9F127B4595B23751D /* Pods_SpinnyTopTests.framework */ = {isa = PBXFileReference; explicitFileType = wrapper.framework; includeInIndex = 0; path = Pods_SpinnyTopTests.framework; sourceTree = BUILT_PRODUCTS_DIR; };
		A3FD8B8CB2E2F04260693FF9 /* Pods-SpinnyTopTests.debug.xcconfig */ = {isa = PBXFileReference; includeInIndex = 1; lastKnownFileType = text.xcconfig; name = "Pods-SpinnyTopTests.debug.xcconfig"; path = "Pods/Target Support Files/Pods-SpinnyTopTests/Pods-SpinnyTopTests.debug.xcconfig"; sourceTree = "<group>"; };
		A6FBDCBC8567F994D762F8F2 /* Pods-SpinnyTopTests.release.xcconfig */ = {isa = PBXFileReference; includeInIndex = 1; lastKnownFileType = text.xcconfig; name = "Pods-SpinnyTopTests.release.xcconfig"; path = "Pods/Target Support Files/Pods-SpinnyTopTests/Pods-SpinnyTopTests.release.xcconfig"; sourceTree = "<group>"; };
		BCB24192005F79D9F65BE967 /* Pods_SpinnyTop.framework */ = {isa = PBXFileReference; explicitFileType = wrapper.framework; includeInIndex = 0; path = Pods_SpinnyTop.framework; sourceTree = BUILT_PRODUCTS_DIR; };
		CCBA92687DC6B2BF25D90631 /* Pods_SpinnyTopUITests.framework */ = {isa = PBXFileReference; explicitFileType = wrapper.framework; includeInIndex = 0; path = Pods_SpinnyTopUITests.framework; sourceTree = BUILT_PRODUCTS_DIR; };
		DDDDB2319ED024A70A6EDEF8 /* Pods-SpinnyTop.debug.xcconfig */ = {isa = PBXFileReference; includeInIndex = 1; lastKnownFileType = text.xcconfig; name = "Pods-SpinnyTop.debug.xcconfig"; path = "Pods/Target Support Files/Pods-SpinnyTop/Pods-SpinnyTop.debug.xcconfig"; sourceTree = "<group>"; };
		E88887FC0CB61FCB3934D6CD /* Pods-SpinnyTopUITests.debug.xcconfig */ = {isa = PBXFileReference; includeInIndex = 1; lastKnownFileType = text.xcconfig; name = "Pods-SpinnyTopUITests.debug.xcconfig"; path = "Pods/Target Support Files/Pods-SpinnyTopUITests/Pods-SpinnyTopUITests.debug.xcconfig"; sourceTree = "<group>"; };
		ECA614A51F4184DA56AEB9CB /* Pods-SpinnyTopUITests.release.xcconfig */ = {isa = PBXFileReference; includeInIndex = 1; lastKnownFileType = text.xcconfig; name = "Pods-SpinnyTopUITests.release.xcconfig"; path = "Pods/Target Support Files/Pods-SpinnyTopUITests/Pods-SpinnyTopUITests.release.xcconfig"; sourceTree = "<group>"; };
		FEA89CB376E2AFCC0FAD922C /* Pods-SpinnyTop.release.xcconfig */ = {isa = PBXFileReference; includeInIndex = 1; lastKnownFileType = text.xcconfig; name = "Pods-SpinnyTop.release.xcconfig"; path = "Pods/Target Support Files/Pods-SpinnyTop/Pods-SpinnyTop.release.xcconfig"; sourceTree = "<group>"; };
/* End PBXFileReference section */

/* Begin PBXFrameworksBuildPhase section */
		27953C7D1F46A95800938C8E /* Frameworks */ = {
			isa = PBXFrameworksBuildPhase;
			buildActionMask = 2147483647;
			files = (
				27A9368C1FBB98E500E56DB9 /* FBSDKLoginKit.framework in Frameworks */,
				F3C0D3FBA1F9A6F431E5A31F /* Pods_SpinnyTop.framework in Frameworks */,
			);
			runOnlyForDeploymentPostprocessing = 0;
		};
		27953C941F46A95800938C8E /* Frameworks */ = {
			isa = PBXFrameworksBuildPhase;
			buildActionMask = 2147483647;
			files = (
				3C98502D7BCA5122D15A01E9 /* Pods_SpinnyTopTests.framework in Frameworks */,
			);
			runOnlyForDeploymentPostprocessing = 0;
		};
		27953C9F1F46A95800938C8E /* Frameworks */ = {
			isa = PBXFrameworksBuildPhase;
			buildActionMask = 2147483647;
			files = (
				D6F257BD3C8A3384EE9B2C17 /* Pods_SpinnyTopUITests.framework in Frameworks */,
			);
			runOnlyForDeploymentPostprocessing = 0;
		};
/* End PBXFrameworksBuildPhase section */

/* Begin PBXGroup section */
		244BF1F94481FEEA3BD61D7A /* Pods */ = {
			isa = PBXGroup;
			children = (
				DDDDB2319ED024A70A6EDEF8 /* Pods-SpinnyTop.debug.xcconfig */,
				FEA89CB376E2AFCC0FAD922C /* Pods-SpinnyTop.release.xcconfig */,
				A3FD8B8CB2E2F04260693FF9 /* Pods-SpinnyTopTests.debug.xcconfig */,
				A6FBDCBC8567F994D762F8F2 /* Pods-SpinnyTopTests.release.xcconfig */,
				E88887FC0CB61FCB3934D6CD /* Pods-SpinnyTopUITests.debug.xcconfig */,
				ECA614A51F4184DA56AEB9CB /* Pods-SpinnyTopUITests.release.xcconfig */,
			);
			name = Pods;
			sourceTree = "<group>";
		};
		276A89701FBF763700A718BB /* ViewControllers */ = {
			isa = PBXGroup;
			children = (
				27B6A8311F4BE59A0052E65D /* SpinnyViewController.swift */,
				27BC29D41FE46F63001596DC /* ProfileViewController.swift */,
				27B6A8331F4C184D0052E65D /* UpdateProfileViewController.swift */,
				273F68DE1F4A9EC900D6DD49 /* LoginViewController.swift */,
				27B6A8351F4D40350052E65D /* RegisterViewController.swift */,
				27E48FB61FAD147500EC6C90 /* LeaderboardTableViewController.swift */,
				27B6A8411F4E7E970052E65D /* ResetPasswordViewController.swift */,
				27572E572008356D00FDE97E /* LoadingViewController.swift */,
			);
			path = ViewControllers;
			sourceTree = "<group>";
		};
		2773B2B71FBA639300754429 /* Controllers */ = {
			isa = PBXGroup;
			children = (
				2773B2B81FBA63AA00754429 /* APIController.swift */,
			);
			path = Controllers;
			sourceTree = "<group>";
		};
		2789DA4D1FB03C580078351E /* Models */ = {
			isa = PBXGroup;
			children = (
				2789DA4E1FB03C860078351E /* Score.swift */,
				2773B2BC1FBAC86F00754429 /* User.swift */,
			);
			path = Models;
			sourceTree = "<group>";
		};
		27953C771F46A95800938C8E = {
			isa = PBXGroup;
			children = (
				27A9368F1FBB9BBD00E56DB9 /* Bridging-Header copy.h */,
				27953C821F46A95800938C8E /* SpinnyTop */,
				27953C9A1F46A95800938C8E /* SpinnyTopTests */,
				27953CA51F46A95800938C8E /* SpinnyTopUITests */,
				27953C811F46A95800938C8E /* Products */,
				244BF1F94481FEEA3BD61D7A /* Pods */,
				588070F3466664B1801BE60C /* Frameworks */,
			);
			sourceTree = "<group>";
		};
		27953C811F46A95800938C8E /* Products */ = {
			isa = PBXGroup;
			children = (
				27953C801F46A95800938C8E /* SpinnyTop.app */,
				27953C971F46A95800938C8E /* SpinnyTopTests.xctest */,
				27953CA21F46A95800938C8E /* SpinnyTopUITests.xctest */,
			);
			name = Products;
			sourceTree = "<group>";
		};
		27953C821F46A95800938C8E /* SpinnyTop */ = {
			isa = PBXGroup;
			children = (
				27FEE47F1F9AAB6400C3C596 /* images */,
				27953C871F46A95800938C8E /* Main.storyboard */,
				27953C831F46A95800938C8E /* AppDelegate.swift */,
				27B6A83D1F4E57AD0052E65D /* AppManager.swift */,
				275C2A621FC3F30700201F86 /* UserSettings.swift */,
				27BC29D61FE47098001596DC /* Classes */,
				2789DA4D1FB03C580078351E /* Models */,
				276A89701FBF763700A718BB /* ViewControllers */,
				2773B2B71FBA639300754429 /* Controllers */,
				27FAACC01FCE805600B86B8E /* Extensions */,
				27B6A8431F4FB98F0052E65D /* Constants.swift */,
				27953C8D1F46A95800938C8E /* Assets.xcassets */,
				27572E522006F2FB00FDE97E /* AppIcon.appiconset */,
				27953C8F1F46A95800938C8E /* LaunchScreen.storyboard */,
				27953C921F46A95800938C8E /* Info.plist */,
				27953C8A1F46A95800938C8E /* SpinnyTop.xcdatamodeld */,
				273F68DA1F4A9CD300D6DD49 /* GoogleService-Info.plist */,
				27572E542006F34B00FDE97E /* Images.xcassets */,
			);
			path = SpinnyTop;
			sourceTree = "<group>";
		};
		27953C9A1F46A95800938C8E /* SpinnyTopTests */ = {
			isa = PBXGroup;
			children = (
				27953C9B1F46A95800938C8E /* SpinnyTopTests.swift */,
				27953C9D1F46A95800938C8E /* Info.plist */,
			);
			path = SpinnyTopTests;
			sourceTree = "<group>";
		};
		27953CA51F46A95800938C8E /* SpinnyTopUITests */ = {
			isa = PBXGroup;
			children = (
				27953CA61F46A95800938C8E /* SpinnyTopUITests.swift */,
				27953CA81F46A95800938C8E /* Info.plist */,
			);
			path = SpinnyTopUITests;
			sourceTree = "<group>";
		};
		27BC29D61FE47098001596DC /* Classes */ = {
			isa = PBXGroup;
			children = (
				277952E82005F16F00A3AF93 /* LeaderboardTableViewCell.swift */,
				278E37DF1FE32C3600D8A13F /* UIImageViewRounded.swift */,
				27BC29D71FE470B3001596DC /* RoundedButton.swift */,
			);
			path = Classes;
			sourceTree = "<group>";
		};
		27FAACC01FCE805600B86B8E /* Extensions */ = {
			isa = PBXGroup;
			children = (
				27FAACC11FCE807F00B86B8E /* Array+Average.swift */,
				27FAACC31FCFA0B600B86B8E /* UIColor+Convenience.swift */,
				27BB18981FDFAA5000604BD6 /* String+AlphaNumeric.swift */,
				27BB189A1FDFACAD00604BD6 /* UIViewController+Alert.swift */,
				27E79CE41FE8BE5E000AC36C /* UIViewController+LoadingScreen.swift */,
				27E79CE61FE8C1AE000AC36C /* UIViewController+hideKeyboard.swift */,
				27E79CE81FE8D23E000AC36C /* UITextField+Next.swift */,
			);
			path = Extensions;
			sourceTree = "<group>";
		};
		27FEE47F1F9AAB6400C3C596 /* images */ = {
			isa = PBXGroup;
			children = (
				27572E562008353800FDE97E /* SpinnyTopLoading.m4v */,
				278E37DD1FE3124C00D8A13F /* Icon-logo.png */,
				278E37DB1FE30FD000D8A13F /* gear.png */,
				27FEE47D1F9AAB5500C3C596 /* error.png */,
			);
			name = images;
			path = ..;
			sourceTree = "<group>";
		};
		588070F3466664B1801BE60C /* Frameworks */ = {
			isa = PBXGroup;
			children = (
				27A9368B1FBB98E500E56DB9 /* FBSDKLoginKit.framework */,
				BCB24192005F79D9F65BE967 /* Pods_SpinnyTop.framework */,
				3DF808B9F127B4595B23751D /* Pods_SpinnyTopTests.framework */,
				CCBA92687DC6B2BF25D90631 /* Pods_SpinnyTopUITests.framework */,
			);
			name = Frameworks;
			sourceTree = "<group>";
		};
/* End PBXGroup section */

/* Begin PBXNativeTarget section */
		27953C7F1F46A95800938C8E /* SpinnyTop */ = {
			isa = PBXNativeTarget;
			buildConfigurationList = 27953CAB1F46A95800938C8E /* Build configuration list for PBXNativeTarget "SpinnyTop" */;
			buildPhases = (
				56B21F29A7244AC85665B43A /* [CP] Check Pods Manifest.lock */,
				27953C7C1F46A95800938C8E /* Sources */,
				27953C7D1F46A95800938C8E /* Frameworks */,
				27953C7E1F46A95800938C8E /* Resources */,
				EBD88D5FB85F488F22A845CC /* [CP] Embed Pods Frameworks */,
				DF17F8957027A0A6BC5D7902 /* [CP] Copy Pods Resources */,
			);
			buildRules = (
			);
			dependencies = (
			);
			name = SpinnyTop;
			productName = SpinnyTop;
			productReference = 27953C801F46A95800938C8E /* SpinnyTop.app */;
			productType = "com.apple.product-type.application";
		};
		27953C961F46A95800938C8E /* SpinnyTopTests */ = {
			isa = PBXNativeTarget;
			buildConfigurationList = 27953CAE1F46A95800938C8E /* Build configuration list for PBXNativeTarget "SpinnyTopTests" */;
			buildPhases = (
				EB9A670FD1D954EEB7ACB1EF /* [CP] Check Pods Manifest.lock */,
				27953C931F46A95800938C8E /* Sources */,
				27953C941F46A95800938C8E /* Frameworks */,
				27953C951F46A95800938C8E /* Resources */,
				217378A567AB0903A58B0413 /* [CP] Embed Pods Frameworks */,
				E3AE2EC7570E1561C4B5DBC5 /* [CP] Copy Pods Resources */,
			);
			buildRules = (
			);
			dependencies = (
				27953C991F46A95800938C8E /* PBXTargetDependency */,
			);
			name = SpinnyTopTests;
			productName = SpinnyTopTests;
			productReference = 27953C971F46A95800938C8E /* SpinnyTopTests.xctest */;
			productType = "com.apple.product-type.bundle.unit-test";
		};
		27953CA11F46A95800938C8E /* SpinnyTopUITests */ = {
			isa = PBXNativeTarget;
			buildConfigurationList = 27953CB11F46A95800938C8E /* Build configuration list for PBXNativeTarget "SpinnyTopUITests" */;
			buildPhases = (
				6C5EE7315D03863ECDD77C0F /* [CP] Check Pods Manifest.lock */,
				27953C9E1F46A95800938C8E /* Sources */,
				27953C9F1F46A95800938C8E /* Frameworks */,
				27953CA01F46A95800938C8E /* Resources */,
				A8CC9676F3CF400C04F800FA /* [CP] Embed Pods Frameworks */,
				305ECC7F1CE4F0DE2E224381 /* [CP] Copy Pods Resources */,
			);
			buildRules = (
			);
			dependencies = (
				27953CA41F46A95800938C8E /* PBXTargetDependency */,
			);
			name = SpinnyTopUITests;
			productName = SpinnyTopUITests;
			productReference = 27953CA21F46A95800938C8E /* SpinnyTopUITests.xctest */;
			productType = "com.apple.product-type.bundle.ui-testing";
		};
/* End PBXNativeTarget section */

/* Begin PBXProject section */
		27953C781F46A95800938C8E /* Project object */ = {
			isa = PBXProject;
			attributes = {
				LastSwiftUpdateCheck = 0830;
				LastUpgradeCheck = 0910;
				ORGANIZATIONNAME = "Kyle Raney";
				TargetAttributes = {
					27953C7F1F46A95800938C8E = {
						CreatedOnToolsVersion = 8.3.2;
						DevelopmentTeam = 7Z2F42ZWZ6;
						LastSwiftMigration = 0910;
						ProvisioningStyle = Automatic;
					};
					27953C961F46A95800938C8E = {
						CreatedOnToolsVersion = 8.3.2;
						LastSwiftMigration = 0910;
						ProvisioningStyle = Automatic;
						TestTargetID = 27953C7F1F46A95800938C8E;
					};
					27953CA11F46A95800938C8E = {
						CreatedOnToolsVersion = 8.3.2;
						LastSwiftMigration = 0910;
						ProvisioningStyle = Automatic;
						TestTargetID = 27953C7F1F46A95800938C8E;
					};
				};
			};
			buildConfigurationList = 27953C7B1F46A95800938C8E /* Build configuration list for PBXProject "SpinnyTop" */;
			compatibilityVersion = "Xcode 3.2";
			developmentRegion = English;
			hasScannedForEncodings = 0;
			knownRegions = (
				en,
				Base,
			);
			mainGroup = 27953C771F46A95800938C8E;
			productRefGroup = 27953C811F46A95800938C8E /* Products */;
			projectDirPath = "";
			projectRoot = "";
			targets = (
				27953C7F1F46A95800938C8E /* SpinnyTop */,
				27953C961F46A95800938C8E /* SpinnyTopTests */,
				27953CA11F46A95800938C8E /* SpinnyTopUITests */,
			);
		};
/* End PBXProject section */

/* Begin PBXResourcesBuildPhase section */
		27953C7E1F46A95800938C8E /* Resources */ = {
			isa = PBXResourcesBuildPhase;
			buildActionMask = 2147483647;
			files = (
<<<<<<< HEAD
				27572E5920088C3400FDE97E /* SpinnyTopLoading.m4v in Resources */,
=======
				27572E552006F34B00FDE97E /* Images.xcassets in Resources */,
				27572E532006F2FB00FDE97E /* AppIcon.appiconset in Resources */,
>>>>>>> leaderboard
				273F68DB1F4A9CD300D6DD49 /* GoogleService-Info.plist in Resources */,
				27FEE47E1F9AAB5500C3C596 /* error.png in Resources */,
				278E37DC1FE30FD100D8A13F /* gear.png in Resources */,
				27953C911F46A95800938C8E /* LaunchScreen.storyboard in Resources */,
				278E37DE1FE3124C00D8A13F /* Icon-logo.png in Resources */,
				27953C8E1F46A95800938C8E /* Assets.xcassets in Resources */,
				27953C891F46A95800938C8E /* Main.storyboard in Resources */,
			);
			runOnlyForDeploymentPostprocessing = 0;
		};
		27953C951F46A95800938C8E /* Resources */ = {
			isa = PBXResourcesBuildPhase;
			buildActionMask = 2147483647;
			files = (
			);
			runOnlyForDeploymentPostprocessing = 0;
		};
		27953CA01F46A95800938C8E /* Resources */ = {
			isa = PBXResourcesBuildPhase;
			buildActionMask = 2147483647;
			files = (
			);
			runOnlyForDeploymentPostprocessing = 0;
		};
/* End PBXResourcesBuildPhase section */

/* Begin PBXShellScriptBuildPhase section */
		217378A567AB0903A58B0413 /* [CP] Embed Pods Frameworks */ = {
			isa = PBXShellScriptBuildPhase;
			buildActionMask = 2147483647;
			files = (
			);
			inputPaths = (
				"${SRCROOT}/Pods/Target Support Files/Pods-SpinnyTopTests/Pods-SpinnyTopTests-frameworks.sh",
				"${BUILT_PRODUCTS_DIR}/GoogleToolboxForMac-Defines-NSData+zlib/GoogleToolboxForMac.framework",
				"${BUILT_PRODUCTS_DIR}/nanopb/nanopb.framework",
			);
			name = "[CP] Embed Pods Frameworks";
			outputPaths = (
				"${TARGET_BUILD_DIR}/${FRAMEWORKS_FOLDER_PATH}/GoogleToolboxForMac.framework",
				"${TARGET_BUILD_DIR}/${FRAMEWORKS_FOLDER_PATH}/nanopb.framework",
			);
			runOnlyForDeploymentPostprocessing = 0;
			shellPath = /bin/sh;
			shellScript = "\"${SRCROOT}/Pods/Target Support Files/Pods-SpinnyTopTests/Pods-SpinnyTopTests-frameworks.sh\"\n";
			showEnvVarsInLog = 0;
		};
		305ECC7F1CE4F0DE2E224381 /* [CP] Copy Pods Resources */ = {
			isa = PBXShellScriptBuildPhase;
			buildActionMask = 2147483647;
			files = (
			);
			inputPaths = (
			);
			name = "[CP] Copy Pods Resources";
			outputPaths = (
			);
			runOnlyForDeploymentPostprocessing = 0;
			shellPath = /bin/sh;
			shellScript = "\"${SRCROOT}/Pods/Target Support Files/Pods-SpinnyTopUITests/Pods-SpinnyTopUITests-resources.sh\"\n";
			showEnvVarsInLog = 0;
		};
		56B21F29A7244AC85665B43A /* [CP] Check Pods Manifest.lock */ = {
			isa = PBXShellScriptBuildPhase;
			buildActionMask = 2147483647;
			files = (
			);
			inputPaths = (
				"${PODS_PODFILE_DIR_PATH}/Podfile.lock",
				"${PODS_ROOT}/Manifest.lock",
			);
			name = "[CP] Check Pods Manifest.lock";
			outputPaths = (
				"$(DERIVED_FILE_DIR)/Pods-SpinnyTop-checkManifestLockResult.txt",
			);
			runOnlyForDeploymentPostprocessing = 0;
			shellPath = /bin/sh;
			shellScript = "diff \"${PODS_PODFILE_DIR_PATH}/Podfile.lock\" \"${PODS_ROOT}/Manifest.lock\" > /dev/null\nif [ $? != 0 ] ; then\n    # print error to STDERR\n    echo \"error: The sandbox is not in sync with the Podfile.lock. Run 'pod install' or update your CocoaPods installation.\" >&2\n    exit 1\nfi\n# This output is used by Xcode 'outputs' to avoid re-running this script phase.\necho \"SUCCESS\" > \"${SCRIPT_OUTPUT_FILE_0}\"\n";
			showEnvVarsInLog = 0;
		};
		6C5EE7315D03863ECDD77C0F /* [CP] Check Pods Manifest.lock */ = {
			isa = PBXShellScriptBuildPhase;
			buildActionMask = 2147483647;
			files = (
			);
			inputPaths = (
				"${PODS_PODFILE_DIR_PATH}/Podfile.lock",
				"${PODS_ROOT}/Manifest.lock",
			);
			name = "[CP] Check Pods Manifest.lock";
			outputPaths = (
				"$(DERIVED_FILE_DIR)/Pods-SpinnyTopUITests-checkManifestLockResult.txt",
			);
			runOnlyForDeploymentPostprocessing = 0;
			shellPath = /bin/sh;
			shellScript = "diff \"${PODS_PODFILE_DIR_PATH}/Podfile.lock\" \"${PODS_ROOT}/Manifest.lock\" > /dev/null\nif [ $? != 0 ] ; then\n    # print error to STDERR\n    echo \"error: The sandbox is not in sync with the Podfile.lock. Run 'pod install' or update your CocoaPods installation.\" >&2\n    exit 1\nfi\n# This output is used by Xcode 'outputs' to avoid re-running this script phase.\necho \"SUCCESS\" > \"${SCRIPT_OUTPUT_FILE_0}\"\n";
			showEnvVarsInLog = 0;
		};
		A8CC9676F3CF400C04F800FA /* [CP] Embed Pods Frameworks */ = {
			isa = PBXShellScriptBuildPhase;
			buildActionMask = 2147483647;
			files = (
			);
			inputPaths = (
				"${SRCROOT}/Pods/Target Support Files/Pods-SpinnyTopUITests/Pods-SpinnyTopUITests-frameworks.sh",
				"${BUILT_PRODUCTS_DIR}/GoogleToolboxForMac-Defines-NSData+zlib/GoogleToolboxForMac.framework",
				"${BUILT_PRODUCTS_DIR}/nanopb/nanopb.framework",
			);
			name = "[CP] Embed Pods Frameworks";
			outputPaths = (
				"${TARGET_BUILD_DIR}/${FRAMEWORKS_FOLDER_PATH}/GoogleToolboxForMac.framework",
				"${TARGET_BUILD_DIR}/${FRAMEWORKS_FOLDER_PATH}/nanopb.framework",
			);
			runOnlyForDeploymentPostprocessing = 0;
			shellPath = /bin/sh;
			shellScript = "\"${SRCROOT}/Pods/Target Support Files/Pods-SpinnyTopUITests/Pods-SpinnyTopUITests-frameworks.sh\"\n";
			showEnvVarsInLog = 0;
		};
		DF17F8957027A0A6BC5D7902 /* [CP] Copy Pods Resources */ = {
			isa = PBXShellScriptBuildPhase;
			buildActionMask = 8;
			files = (
			);
			inputPaths = (
			);
			name = "[CP] Copy Pods Resources";
			outputPaths = (
			);
			runOnlyForDeploymentPostprocessing = 1;
			shellPath = /bin/sh;
			shellScript = "\"${SRCROOT}/Pods/Target Support Files/Pods-SpinnyTop/Pods-SpinnyTop-resources.sh\"\n";
			showEnvVarsInLog = 0;
		};
		E3AE2EC7570E1561C4B5DBC5 /* [CP] Copy Pods Resources */ = {
			isa = PBXShellScriptBuildPhase;
			buildActionMask = 2147483647;
			files = (
			);
			inputPaths = (
			);
			name = "[CP] Copy Pods Resources";
			outputPaths = (
			);
			runOnlyForDeploymentPostprocessing = 0;
			shellPath = /bin/sh;
			shellScript = "\"${SRCROOT}/Pods/Target Support Files/Pods-SpinnyTopTests/Pods-SpinnyTopTests-resources.sh\"\n";
			showEnvVarsInLog = 0;
		};
		EB9A670FD1D954EEB7ACB1EF /* [CP] Check Pods Manifest.lock */ = {
			isa = PBXShellScriptBuildPhase;
			buildActionMask = 2147483647;
			files = (
			);
			inputPaths = (
				"${PODS_PODFILE_DIR_PATH}/Podfile.lock",
				"${PODS_ROOT}/Manifest.lock",
			);
			name = "[CP] Check Pods Manifest.lock";
			outputPaths = (
				"$(DERIVED_FILE_DIR)/Pods-SpinnyTopTests-checkManifestLockResult.txt",
			);
			runOnlyForDeploymentPostprocessing = 0;
			shellPath = /bin/sh;
			shellScript = "diff \"${PODS_PODFILE_DIR_PATH}/Podfile.lock\" \"${PODS_ROOT}/Manifest.lock\" > /dev/null\nif [ $? != 0 ] ; then\n    # print error to STDERR\n    echo \"error: The sandbox is not in sync with the Podfile.lock. Run 'pod install' or update your CocoaPods installation.\" >&2\n    exit 1\nfi\n# This output is used by Xcode 'outputs' to avoid re-running this script phase.\necho \"SUCCESS\" > \"${SCRIPT_OUTPUT_FILE_0}\"\n";
			showEnvVarsInLog = 0;
		};
		EBD88D5FB85F488F22A845CC /* [CP] Embed Pods Frameworks */ = {
			isa = PBXShellScriptBuildPhase;
			buildActionMask = 12;
			files = (
			);
			inputPaths = (
				"${SRCROOT}/Pods/Target Support Files/Pods-SpinnyTop/Pods-SpinnyTop-frameworks.sh",
				"${BUILT_PRODUCTS_DIR}/Alamofire/Alamofire.framework",
				"${BUILT_PRODUCTS_DIR}/Alamofire-SwiftyJSON/Alamofire_SwiftyJSON.framework",
				"${BUILT_PRODUCTS_DIR}/AlamofireObjectMapper/AlamofireObjectMapper.framework",
				"${BUILT_PRODUCTS_DIR}/Bolts/Bolts.framework",
				"${BUILT_PRODUCTS_DIR}/FBSDKCoreKit/FBSDKCoreKit.framework",
				"${BUILT_PRODUCTS_DIR}/FBSDKLoginKit/FBSDKLoginKit.framework",
				"${BUILT_PRODUCTS_DIR}/GTMSessionFetcher/GTMSessionFetcher.framework",
				"${BUILT_PRODUCTS_DIR}/GoogleToolboxForMac-f0850809/GoogleToolboxForMac.framework",
				"${BUILT_PRODUCTS_DIR}/ObjectMapper/ObjectMapper.framework",
				"${BUILT_PRODUCTS_DIR}/SwiftyJSON/SwiftyJSON.framework",
				"${BUILT_PRODUCTS_DIR}/leveldb-library/leveldb.framework",
				"${BUILT_PRODUCTS_DIR}/nanopb/nanopb.framework",
			);
			name = "[CP] Embed Pods Frameworks";
			outputPaths = (
				"${TARGET_BUILD_DIR}/${FRAMEWORKS_FOLDER_PATH}/Alamofire.framework",
				"${TARGET_BUILD_DIR}/${FRAMEWORKS_FOLDER_PATH}/Alamofire_SwiftyJSON.framework",
				"${TARGET_BUILD_DIR}/${FRAMEWORKS_FOLDER_PATH}/AlamofireObjectMapper.framework",
				"${TARGET_BUILD_DIR}/${FRAMEWORKS_FOLDER_PATH}/Bolts.framework",
				"${TARGET_BUILD_DIR}/${FRAMEWORKS_FOLDER_PATH}/FBSDKCoreKit.framework",
				"${TARGET_BUILD_DIR}/${FRAMEWORKS_FOLDER_PATH}/FBSDKLoginKit.framework",
				"${TARGET_BUILD_DIR}/${FRAMEWORKS_FOLDER_PATH}/GTMSessionFetcher.framework",
				"${TARGET_BUILD_DIR}/${FRAMEWORKS_FOLDER_PATH}/GoogleToolboxForMac.framework",
				"${TARGET_BUILD_DIR}/${FRAMEWORKS_FOLDER_PATH}/ObjectMapper.framework",
				"${TARGET_BUILD_DIR}/${FRAMEWORKS_FOLDER_PATH}/SwiftyJSON.framework",
				"${TARGET_BUILD_DIR}/${FRAMEWORKS_FOLDER_PATH}/leveldb.framework",
				"${TARGET_BUILD_DIR}/${FRAMEWORKS_FOLDER_PATH}/nanopb.framework",
			);
			runOnlyForDeploymentPostprocessing = 0;
			shellPath = /bin/sh;
			shellScript = "\"${SRCROOT}/Pods/Target Support Files/Pods-SpinnyTop/Pods-SpinnyTop-frameworks.sh\"\n";
			showEnvVarsInLog = 0;
		};
/* End PBXShellScriptBuildPhase section */

/* Begin PBXSourcesBuildPhase section */
		27953C7C1F46A95800938C8E /* Sources */ = {
			isa = PBXSourcesBuildPhase;
			buildActionMask = 2147483647;
			files = (
				27B6A83E1F4E57AD0052E65D /* AppManager.swift in Sources */,
				27E79CE51FE8BE5E000AC36C /* UIViewController+LoadingScreen.swift in Sources */,
				27E79CE91FE8D23E000AC36C /* UITextField+Next.swift in Sources */,
				27B6A8361F4D40350052E65D /* RegisterViewController.swift in Sources */,
				27BC29D51FE46F63001596DC /* ProfileViewController.swift in Sources */,
				27E48FB71FAD147500EC6C90 /* LeaderboardTableViewController.swift in Sources */,
				27BC29D81FE470B3001596DC /* RoundedButton.swift in Sources */,
				27572E582008356D00FDE97E /* LoadingViewController.swift in Sources */,
				2773B2B91FBA63AA00754429 /* APIController.swift in Sources */,
				27953C8C1F46A95800938C8E /* SpinnyTop.xcdatamodeld in Sources */,
				2789DA4F1FB03C860078351E /* Score.swift in Sources */,
				27E79CE71FE8C1AE000AC36C /* UIViewController+hideKeyboard.swift in Sources */,
				27FAACC21FCE807F00B86B8E /* Array+Average.swift in Sources */,
				27B6A8421F4E7E970052E65D /* ResetPasswordViewController.swift in Sources */,
				273F68DF1F4A9EC900D6DD49 /* LoginViewController.swift in Sources */,
				2773B2BD1FBAC86F00754429 /* User.swift in Sources */,
				27B6A8321F4BE59A0052E65D /* SpinnyViewController.swift in Sources */,
				277952E92005F16F00A3AF93 /* LeaderboardTableViewCell.swift in Sources */,
				27B6A8341F4C184D0052E65D /* UpdateProfileViewController.swift in Sources */,
				27953C841F46A95800938C8E /* AppDelegate.swift in Sources */,
				27B6A8441F4FB98F0052E65D /* Constants.swift in Sources */,
				27BB189B1FDFACAD00604BD6 /* UIViewController+Alert.swift in Sources */,
				27BB18991FDFAA5000604BD6 /* String+AlphaNumeric.swift in Sources */,
				275C2A631FC3F30700201F86 /* UserSettings.swift in Sources */,
				27FAACC41FCFA0B600B86B8E /* UIColor+Convenience.swift in Sources */,
				278E37E01FE32C3600D8A13F /* UIImageViewRounded.swift in Sources */,
			);
			runOnlyForDeploymentPostprocessing = 0;
		};
		27953C931F46A95800938C8E /* Sources */ = {
			isa = PBXSourcesBuildPhase;
			buildActionMask = 2147483647;
			files = (
				27953C9C1F46A95800938C8E /* SpinnyTopTests.swift in Sources */,
			);
			runOnlyForDeploymentPostprocessing = 0;
		};
		27953C9E1F46A95800938C8E /* Sources */ = {
			isa = PBXSourcesBuildPhase;
			buildActionMask = 2147483647;
			files = (
				27953CA71F46A95800938C8E /* SpinnyTopUITests.swift in Sources */,
			);
			runOnlyForDeploymentPostprocessing = 0;
		};
/* End PBXSourcesBuildPhase section */

/* Begin PBXTargetDependency section */
		27953C991F46A95800938C8E /* PBXTargetDependency */ = {
			isa = PBXTargetDependency;
			target = 27953C7F1F46A95800938C8E /* SpinnyTop */;
			targetProxy = 27953C981F46A95800938C8E /* PBXContainerItemProxy */;
		};
		27953CA41F46A95800938C8E /* PBXTargetDependency */ = {
			isa = PBXTargetDependency;
			target = 27953C7F1F46A95800938C8E /* SpinnyTop */;
			targetProxy = 27953CA31F46A95800938C8E /* PBXContainerItemProxy */;
		};
/* End PBXTargetDependency section */

/* Begin PBXVariantGroup section */
		27953C871F46A95800938C8E /* Main.storyboard */ = {
			isa = PBXVariantGroup;
			children = (
				27953C881F46A95800938C8E /* Base */,
			);
			name = Main.storyboard;
			sourceTree = "<group>";
		};
		27953C8F1F46A95800938C8E /* LaunchScreen.storyboard */ = {
			isa = PBXVariantGroup;
			children = (
				27953C901F46A95800938C8E /* Base */,
			);
			name = LaunchScreen.storyboard;
			sourceTree = "<group>";
		};
/* End PBXVariantGroup section */

/* Begin XCBuildConfiguration section */
		27953CA91F46A95800938C8E /* Debug */ = {
			isa = XCBuildConfiguration;
			buildSettings = {
				ALWAYS_SEARCH_USER_PATHS = NO;
				CLANG_ALLOW_NON_MODULAR_INCLUDES_IN_FRAMEWORK_MODULES = YES;
				CLANG_ANALYZER_NONNULL = YES;
				CLANG_ANALYZER_NUMBER_OBJECT_CONVERSION = YES_AGGRESSIVE;
				CLANG_CXX_LANGUAGE_STANDARD = "gnu++0x";
				CLANG_CXX_LIBRARY = "libc++";
				CLANG_ENABLE_MODULES = YES;
				CLANG_ENABLE_OBJC_ARC = YES;
				CLANG_WARN_BLOCK_CAPTURE_AUTORELEASING = YES;
				CLANG_WARN_BOOL_CONVERSION = YES;
				CLANG_WARN_COMMA = YES;
				CLANG_WARN_CONSTANT_CONVERSION = YES;
				CLANG_WARN_DIRECT_OBJC_ISA_USAGE = YES_ERROR;
				CLANG_WARN_DOCUMENTATION_COMMENTS = YES;
				CLANG_WARN_EMPTY_BODY = YES;
				CLANG_WARN_ENUM_CONVERSION = YES;
				CLANG_WARN_INFINITE_RECURSION = YES;
				CLANG_WARN_INT_CONVERSION = YES;
				CLANG_WARN_NON_LITERAL_NULL_CONVERSION = YES;
				CLANG_WARN_OBJC_LITERAL_CONVERSION = YES;
				CLANG_WARN_OBJC_ROOT_CLASS = YES_ERROR;
				CLANG_WARN_RANGE_LOOP_ANALYSIS = YES;
				CLANG_WARN_STRICT_PROTOTYPES = YES;
				CLANG_WARN_SUSPICIOUS_MOVE = YES;
				CLANG_WARN_UNREACHABLE_CODE = YES;
				CLANG_WARN__DUPLICATE_METHOD_MATCH = YES;
				"CODE_SIGN_IDENTITY[sdk=iphoneos*]" = "iPhone Developer";
				COPY_PHASE_STRIP = NO;
				DEBUG_INFORMATION_FORMAT = dwarf;
				ENABLE_STRICT_OBJC_MSGSEND = YES;
				ENABLE_TESTABILITY = YES;
				"FRAMEWORK_SEARCH_PATHS[arch=*]" = "\"$(SRCROOT)/Frameworks/FBSDKLoginKit/\"";
				GCC_C_LANGUAGE_STANDARD = gnu99;
				GCC_DYNAMIC_NO_PIC = NO;
				GCC_NO_COMMON_BLOCKS = YES;
				GCC_OPTIMIZATION_LEVEL = 0;
				GCC_PREPROCESSOR_DEFINITIONS = (
					"DEBUG=1",
					"$(inherited)",
				);
				GCC_WARN_64_TO_32_BIT_CONVERSION = YES;
				GCC_WARN_ABOUT_RETURN_TYPE = YES_ERROR;
				GCC_WARN_UNDECLARED_SELECTOR = YES;
				GCC_WARN_UNINITIALIZED_AUTOS = YES_AGGRESSIVE;
				GCC_WARN_UNUSED_FUNCTION = YES;
				GCC_WARN_UNUSED_VARIABLE = YES;
				IPHONEOS_DEPLOYMENT_TARGET = 10.3;
				MTL_ENABLE_DEBUG_INFO = YES;
				ONLY_ACTIVE_ARCH = YES;
				SDKROOT = iphoneos;
				SWIFT_ACTIVE_COMPILATION_CONDITIONS = DEBUG;
				SWIFT_OPTIMIZATION_LEVEL = "-Onone";
			};
			name = Debug;
		};
		27953CAA1F46A95800938C8E /* Release */ = {
			isa = XCBuildConfiguration;
			buildSettings = {
				ALWAYS_SEARCH_USER_PATHS = NO;
				CLANG_ALLOW_NON_MODULAR_INCLUDES_IN_FRAMEWORK_MODULES = YES;
				CLANG_ANALYZER_NONNULL = YES;
				CLANG_ANALYZER_NUMBER_OBJECT_CONVERSION = YES_AGGRESSIVE;
				CLANG_CXX_LANGUAGE_STANDARD = "gnu++0x";
				CLANG_CXX_LIBRARY = "libc++";
				CLANG_ENABLE_MODULES = YES;
				CLANG_ENABLE_OBJC_ARC = YES;
				CLANG_WARN_BLOCK_CAPTURE_AUTORELEASING = YES;
				CLANG_WARN_BOOL_CONVERSION = YES;
				CLANG_WARN_COMMA = YES;
				CLANG_WARN_CONSTANT_CONVERSION = YES;
				CLANG_WARN_DIRECT_OBJC_ISA_USAGE = YES_ERROR;
				CLANG_WARN_DOCUMENTATION_COMMENTS = YES;
				CLANG_WARN_EMPTY_BODY = YES;
				CLANG_WARN_ENUM_CONVERSION = YES;
				CLANG_WARN_INFINITE_RECURSION = YES;
				CLANG_WARN_INT_CONVERSION = YES;
				CLANG_WARN_NON_LITERAL_NULL_CONVERSION = YES;
				CLANG_WARN_OBJC_LITERAL_CONVERSION = YES;
				CLANG_WARN_OBJC_ROOT_CLASS = YES_ERROR;
				CLANG_WARN_RANGE_LOOP_ANALYSIS = YES;
				CLANG_WARN_STRICT_PROTOTYPES = YES;
				CLANG_WARN_SUSPICIOUS_MOVE = YES;
				CLANG_WARN_UNREACHABLE_CODE = YES;
				CLANG_WARN__DUPLICATE_METHOD_MATCH = YES;
				"CODE_SIGN_IDENTITY[sdk=iphoneos*]" = "iPhone Developer";
				COPY_PHASE_STRIP = NO;
				DEBUG_INFORMATION_FORMAT = "dwarf-with-dsym";
				ENABLE_NS_ASSERTIONS = NO;
				ENABLE_STRICT_OBJC_MSGSEND = YES;
				GCC_C_LANGUAGE_STANDARD = gnu99;
				GCC_NO_COMMON_BLOCKS = YES;
				GCC_WARN_64_TO_32_BIT_CONVERSION = YES;
				GCC_WARN_ABOUT_RETURN_TYPE = YES_ERROR;
				GCC_WARN_UNDECLARED_SELECTOR = YES;
				GCC_WARN_UNINITIALIZED_AUTOS = YES_AGGRESSIVE;
				GCC_WARN_UNUSED_FUNCTION = YES;
				GCC_WARN_UNUSED_VARIABLE = YES;
				IPHONEOS_DEPLOYMENT_TARGET = 10.3;
				MTL_ENABLE_DEBUG_INFO = NO;
				SDKROOT = iphoneos;
				SWIFT_OPTIMIZATION_LEVEL = "-Owholemodule";
				VALIDATE_PRODUCT = YES;
			};
			name = Release;
		};
		27953CAC1F46A95800938C8E /* Debug */ = {
			isa = XCBuildConfiguration;
			baseConfigurationReference = DDDDB2319ED024A70A6EDEF8 /* Pods-SpinnyTop.debug.xcconfig */;
			buildSettings = {
				ASSETCATALOG_COMPILER_APPICON_NAME = AppIcon;
				ASSETCATALOG_COMPILER_LAUNCHIMAGE_NAME = LaunchImage;
				CODE_SIGN_IDENTITY = "iPhone Developer";
				"CODE_SIGN_IDENTITY[sdk=iphoneos*]" = "iPhone Developer";
				CODE_SIGN_STYLE = Automatic;
				DEVELOPMENT_TEAM = "";
				FRAMEWORK_SEARCH_PATHS = (
					"$(inherited)",
					"$(PROJECT_DIR)",
				);
				INFOPLIST_FILE = SpinnyTop/Info.plist;
				LD_RUNPATH_SEARCH_PATHS = "$(inherited) @executable_path/Frameworks";
				PRODUCT_BUNDLE_IDENTIFIER = com.example.SpinnyTop;
				PRODUCT_NAME = "$(TARGET_NAME)";
				PROVISIONING_PROFILE_SPECIFIER = "";
				SWIFT_OBJC_BRIDGING_HEADER = "";
				SWIFT_SWIFT3_OBJC_INFERENCE = On;
				SWIFT_VERSION = 4.0;
				TARGETED_DEVICE_FAMILY = "1,2";
			};
			name = Debug;
		};
		27953CAD1F46A95800938C8E /* Release */ = {
			isa = XCBuildConfiguration;
			baseConfigurationReference = FEA89CB376E2AFCC0FAD922C /* Pods-SpinnyTop.release.xcconfig */;
			buildSettings = {
				ASSETCATALOG_COMPILER_APPICON_NAME = AppIcon;
				ASSETCATALOG_COMPILER_LAUNCHIMAGE_NAME = LaunchImage;
				CODE_SIGN_IDENTITY = "iPhone Developer";
				"CODE_SIGN_IDENTITY[sdk=iphoneos*]" = "iPhone Developer";
				CODE_SIGN_STYLE = Automatic;
				DEVELOPMENT_TEAM = "";
				FRAMEWORK_SEARCH_PATHS = (
					"$(inherited)",
					"$(PROJECT_DIR)",
				);
				INFOPLIST_FILE = SpinnyTop/Info.plist;
				LD_RUNPATH_SEARCH_PATHS = "$(inherited) @executable_path/Frameworks";
				PRODUCT_BUNDLE_IDENTIFIER = com.example.SpinnyTop;
				PRODUCT_NAME = "$(TARGET_NAME)";
				PROVISIONING_PROFILE_SPECIFIER = "";
				SWIFT_OBJC_BRIDGING_HEADER = "";
				SWIFT_SWIFT3_OBJC_INFERENCE = On;
				SWIFT_VERSION = 4.0;
				TARGETED_DEVICE_FAMILY = "1,2";
			};
			name = Release;
		};
		27953CAF1F46A95800938C8E /* Debug */ = {
			isa = XCBuildConfiguration;
			baseConfigurationReference = A3FD8B8CB2E2F04260693FF9 /* Pods-SpinnyTopTests.debug.xcconfig */;
			buildSettings = {
				ALWAYS_EMBED_SWIFT_STANDARD_LIBRARIES = YES;
				BUNDLE_LOADER = "$(TEST_HOST)";
				INFOPLIST_FILE = SpinnyTopTests/Info.plist;
				LD_RUNPATH_SEARCH_PATHS = "$(inherited) @executable_path/Frameworks @loader_path/Frameworks";
				PRODUCT_BUNDLE_IDENTIFIER = com.awesomeinc.SpinnyTopTests;
				PRODUCT_NAME = "$(TARGET_NAME)";
				SWIFT_SWIFT3_OBJC_INFERENCE = On;
				SWIFT_VERSION = 4.0;
				TEST_HOST = "$(BUILT_PRODUCTS_DIR)/SpinnyTop.app/SpinnyTop";
			};
			name = Debug;
		};
		27953CB01F46A95800938C8E /* Release */ = {
			isa = XCBuildConfiguration;
			baseConfigurationReference = A6FBDCBC8567F994D762F8F2 /* Pods-SpinnyTopTests.release.xcconfig */;
			buildSettings = {
				ALWAYS_EMBED_SWIFT_STANDARD_LIBRARIES = YES;
				BUNDLE_LOADER = "$(TEST_HOST)";
				INFOPLIST_FILE = SpinnyTopTests/Info.plist;
				LD_RUNPATH_SEARCH_PATHS = "$(inherited) @executable_path/Frameworks @loader_path/Frameworks";
				PRODUCT_BUNDLE_IDENTIFIER = com.awesomeinc.SpinnyTopTests;
				PRODUCT_NAME = "$(TARGET_NAME)";
				SWIFT_SWIFT3_OBJC_INFERENCE = On;
				SWIFT_VERSION = 4.0;
				TEST_HOST = "$(BUILT_PRODUCTS_DIR)/SpinnyTop.app/SpinnyTop";
			};
			name = Release;
		};
		27953CB21F46A95800938C8E /* Debug */ = {
			isa = XCBuildConfiguration;
			baseConfigurationReference = E88887FC0CB61FCB3934D6CD /* Pods-SpinnyTopUITests.debug.xcconfig */;
			buildSettings = {
				ALWAYS_EMBED_SWIFT_STANDARD_LIBRARIES = YES;
				INFOPLIST_FILE = SpinnyTopUITests/Info.plist;
				LD_RUNPATH_SEARCH_PATHS = "$(inherited) @executable_path/Frameworks @loader_path/Frameworks";
				PRODUCT_BUNDLE_IDENTIFIER = com.awesomeinc.SpinnyTopUITests;
				PRODUCT_NAME = "$(TARGET_NAME)";
				SWIFT_SWIFT3_OBJC_INFERENCE = On;
				SWIFT_VERSION = 4.0;
				TEST_TARGET_NAME = SpinnyTop;
			};
			name = Debug;
		};
		27953CB31F46A95800938C8E /* Release */ = {
			isa = XCBuildConfiguration;
			baseConfigurationReference = ECA614A51F4184DA56AEB9CB /* Pods-SpinnyTopUITests.release.xcconfig */;
			buildSettings = {
				ALWAYS_EMBED_SWIFT_STANDARD_LIBRARIES = YES;
				INFOPLIST_FILE = SpinnyTopUITests/Info.plist;
				LD_RUNPATH_SEARCH_PATHS = "$(inherited) @executable_path/Frameworks @loader_path/Frameworks";
				PRODUCT_BUNDLE_IDENTIFIER = com.awesomeinc.SpinnyTopUITests;
				PRODUCT_NAME = "$(TARGET_NAME)";
				SWIFT_SWIFT3_OBJC_INFERENCE = On;
				SWIFT_VERSION = 4.0;
				TEST_TARGET_NAME = SpinnyTop;
			};
			name = Release;
		};
/* End XCBuildConfiguration section */

/* Begin XCConfigurationList section */
		27953C7B1F46A95800938C8E /* Build configuration list for PBXProject "SpinnyTop" */ = {
			isa = XCConfigurationList;
			buildConfigurations = (
				27953CA91F46A95800938C8E /* Debug */,
				27953CAA1F46A95800938C8E /* Release */,
			);
			defaultConfigurationIsVisible = 0;
			defaultConfigurationName = Release;
		};
		27953CAB1F46A95800938C8E /* Build configuration list for PBXNativeTarget "SpinnyTop" */ = {
			isa = XCConfigurationList;
			buildConfigurations = (
				27953CAC1F46A95800938C8E /* Debug */,
				27953CAD1F46A95800938C8E /* Release */,
			);
			defaultConfigurationIsVisible = 0;
			defaultConfigurationName = Release;
		};
		27953CAE1F46A95800938C8E /* Build configuration list for PBXNativeTarget "SpinnyTopTests" */ = {
			isa = XCConfigurationList;
			buildConfigurations = (
				27953CAF1F46A95800938C8E /* Debug */,
				27953CB01F46A95800938C8E /* Release */,
			);
			defaultConfigurationIsVisible = 0;
			defaultConfigurationName = Release;
		};
		27953CB11F46A95800938C8E /* Build configuration list for PBXNativeTarget "SpinnyTopUITests" */ = {
			isa = XCConfigurationList;
			buildConfigurations = (
				27953CB21F46A95800938C8E /* Debug */,
				27953CB31F46A95800938C8E /* Release */,
			);
			defaultConfigurationIsVisible = 0;
			defaultConfigurationName = Release;
		};
/* End XCConfigurationList section */

/* Begin XCVersionGroup section */
		27953C8A1F46A95800938C8E /* SpinnyTop.xcdatamodeld */ = {
			isa = XCVersionGroup;
			children = (
				27953C8B1F46A95800938C8E /* SpinnyTop.xcdatamodel */,
			);
			currentVersion = 27953C8B1F46A95800938C8E /* SpinnyTop.xcdatamodel */;
			path = SpinnyTop.xcdatamodeld;
			sourceTree = "<group>";
			versionGroupType = wrapper.xcdatamodel;
		};
/* End XCVersionGroup section */
	};
	rootObject = 27953C781F46A95800938C8E /* Project object */;
}
